
Microsoft Visual Studio Solution File, Format Version 12.00
# Visual Studio Version 16
VisualStudioVersion = 16.0.31729.503
MinimumVisualStudioVersion = 10.0.40219.1
Project("{FAE04EC0-301F-11D3-BF4B-00C04F79EFBC}") = "PUI1", "PUI1.csproj", "{C945696A-5E9E-4529-BFDF-D9BBCA5E88C4}"
EndProject
Global
	GlobalSection(SolutionConfigurationPlatforms) = preSolution
		Debug|Any CPU = Debug|Any CPU
		Release|Any CPU = Release|Any CPU
	EndGlobalSection
	GlobalSection(ProjectConfigurationPlatforms) = postSolution
		{C945696A-5E9E-4529-BFDF-D9BBCA5E88C4}.Debug|Any CPU.ActiveCfg = Debug|Any CPU
		{C945696A-5E9E-4529-BFDF-D9BBCA5E88C4}.Debug|Any CPU.Build.0 = Debug|Any CPU
		{C945696A-5E9E-4529-BFDF-D9BBCA5E88C4}.Release|Any CPU.ActiveCfg = Release|Any CPU
		{C945696A-5E9E-4529-BFDF-D9BBCA5E88C4}.Release|Any CPU.Build.0 = Release|Any CPU
	EndGlobalSection
	GlobalSection(SolutionProperties) = preSolution
		HideSolutionNode = FALSE
	EndGlobalSection
	GlobalSection(ExtensibilityGlobals) = postSolution
		SolutionGuid = {5BCC3DBD-012F-469A-A1F9-0B8DC9D0D2E3}
	EndGlobalSection
EndGlobal
